
Microsoft Visual Studio Solution File, Format Version 12.00
# Visual Studio Version 17
VisualStudioVersion = 17.14.36930.0 d17.14
MinimumVisualStudioVersion = 10.0.40219.1
Project("{FAE04EC0-301F-11D3-BF4B-00C04F79EFBC}") = "Esoteric", "Esoteric\Esoteric.csproj", "{E774B1EF-A486-4A31-BBDE-B11BA6D4A5AA}"
EndProject
Global
	GlobalSection(SolutionConfigurationPlatforms) = preSolution
		Debug|Any CPU = Debug|Any CPU
		Release|Any CPU = Release|Any CPU
	EndGlobalSection
	GlobalSection(ProjectConfigurationPlatforms) = postSolution
		{E774B1EF-A486-4A31-BBDE-B11BA6D4A5AA}.Debug|Any CPU.ActiveCfg = Debug|Any CPU
		{E774B1EF-A486-4A31-BBDE-B11BA6D4A5AA}.Debug|Any CPU.Build.0 = Debug|Any CPU
		{E774B1EF-A486-4A31-BBDE-B11BA6D4A5AA}.Release|Any CPU.ActiveCfg = Release|Any CPU
		{E774B1EF-A486-4A31-BBDE-B11BA6D4A5AA}.Release|Any CPU.Build.0 = Release|Any CPU
	EndGlobalSection
	GlobalSection(SolutionProperties) = preSolution
		HideSolutionNode = FALSE
	EndGlobalSection
	GlobalSection(ExtensibilityGlobals) = postSolution
		SolutionGuid = {26E442B7-9B86-454D-9799-21BD30373B0C}
	EndGlobalSection
EndGlobal
